
Microsoft Visual Studio Solution File, Format Version 12.00
# Visual Studio Version 17
VisualStudioVersion = 17.5.002.0
MinimumVisualStudioVersion = 10.0.40219.1
Project("{9A19103F-16F7-4668-BE54-9A1E7A4F7556}") = "HelloWorld", "HelloWorld.csproj", "{B8486BCF-4565-4234-9E3F-6F8A7B3C0207}"
EndProject
Global
	GlobalSection(SolutionConfigurationPlatforms) = preSolution
		Debug|Any CPU = Debug|Any CPU
		Release|Any CPU = Release|Any CPU
	EndGlobalSection
	GlobalSection(ProjectConfigurationPlatforms) = postSolution
		{B8486BCF-4565-4234-9E3F-6F8A7B3C0207}.Debug|Any CPU.ActiveCfg = Debug|Any CPU
		{B8486BCF-4565-4234-9E3F-6F8A7B3C0207}.Debug|Any CPU.Build.0 = Debug|Any CPU
		{B8486BCF-4565-4234-9E3F-6F8A7B3C0207}.Release|Any CPU.ActiveCfg = Release|Any CPU
		{B8486BCF-4565-4234-9E3F-6F8A7B3C0207}.Release|Any CPU.Build.0 = Release|Any CPU
	EndGlobalSection
	GlobalSection(SolutionProperties) = preSolution
		HideSolutionNode = FALSE
	EndGlobalSection
	GlobalSection(ExtensibilityGlobals) = postSolution
		SolutionGuid = {C968908A-463B-4681-B06C-264CCE7AF696}
	EndGlobalSection
EndGlobal
